
Microsoft Visual Studio Solution File, Format Version 12.00
# Visual Studio 15
VisualStudioVersion = 15.0.28307.1082
MinimumVisualStudioVersion = 10.0.40219.1
Project("{888888A0-9F3D-457C-B088-3A5042F75D52}") = "twitter_sentiment_challenge", "twitter_sentiment_challenge\twitter_sentiment_challenge.pyproj", "{5EA1ACA9-9685-42C2-A28C-69CB92FF70B1}"
EndProject
Global
	GlobalSection(SolutionConfigurationPlatforms) = preSolution
		Debug|Any CPU = Debug|Any CPU
		Release|Any CPU = Release|Any CPU
	EndGlobalSection
	GlobalSection(ProjectConfigurationPlatforms) = postSolution
		{5EA1ACA9-9685-42C2-A28C-69CB92FF70B1}.Debug|Any CPU.ActiveCfg = Debug|Any CPU
		{5EA1ACA9-9685-42C2-A28C-69CB92FF70B1}.Release|Any CPU.ActiveCfg = Release|Any CPU
	EndGlobalSection
	GlobalSection(SolutionProperties) = preSolution
		HideSolutionNode = FALSE
	EndGlobalSection
	GlobalSection(ExtensibilityGlobals) = postSolution
		SolutionGuid = {B436BAA1-3A62-4F6F-B92C-0146A78B9BD6}
	EndGlobalSection
EndGlobal
